
Microsoft Visual Studio Solution File, Format Version 12.00
# Visual Studio Version 17
VisualStudioVersion = 17.1.32210.238
MinimumVisualStudioVersion = 10.0.40219.1
Project("{FAE04EC0-301F-11D3-BF4B-00C04F79EFBC}") = "ForPasha.Android", "ForPasha.Android\ForPasha.Android.csproj", "{B97488C5-2EF8-4F31-85A0-338A811D4F2D}"
EndProject
Project("{FAE04EC0-301F-11D3-BF4B-00C04F79EFBC}") = "ForPasha", "ForPasha\ForPasha.csproj", "{9901B66D-9FDA-49E0-9202-C45D4CB4A83F}"
EndProject
Global
	GlobalSection(SolutionConfigurationPlatforms) = preSolution
		Debug|Any CPU = Debug|Any CPU
		Release|Any CPU = Release|Any CPU
	EndGlobalSection
	GlobalSection(ProjectConfigurationPlatforms) = postSolution
		{B97488C5-2EF8-4F31-85A0-338A811D4F2D}.Debug|Any CPU.ActiveCfg = Debug|Any CPU
		{B97488C5-2EF8-4F31-85A0-338A811D4F2D}.Debug|Any CPU.Build.0 = Debug|Any CPU
		{B97488C5-2EF8-4F31-85A0-338A811D4F2D}.Debug|Any CPU.Deploy.0 = Debug|Any CPU
		{B97488C5-2EF8-4F31-85A0-338A811D4F2D}.Release|Any CPU.ActiveCfg = Release|Any CPU
		{B97488C5-2EF8-4F31-85A0-338A811D4F2D}.Release|Any CPU.Build.0 = Release|Any CPU
		{B97488C5-2EF8-4F31-85A0-338A811D4F2D}.Release|Any CPU.Deploy.0 = Release|Any CPU
		{9901B66D-9FDA-49E0-9202-C45D4CB4A83F}.Debug|Any CPU.ActiveCfg = Debug|Any CPU
		{9901B66D-9FDA-49E0-9202-C45D4CB4A83F}.Debug|Any CPU.Build.0 = Debug|Any CPU
		{9901B66D-9FDA-49E0-9202-C45D4CB4A83F}.Debug|Any CPU.Deploy.0 = Debug|Any CPU
		{9901B66D-9FDA-49E0-9202-C45D4CB4A83F}.Release|Any CPU.ActiveCfg = Release|Any CPU
		{9901B66D-9FDA-49E0-9202-C45D4CB4A83F}.Release|Any CPU.Build.0 = Release|Any CPU
		{9901B66D-9FDA-49E0-9202-C45D4CB4A83F}.Release|Any CPU.Deploy.0 = Release|Any CPU
	EndGlobalSection
	GlobalSection(SolutionProperties) = preSolution
		HideSolutionNode = FALSE
	EndGlobalSection
	GlobalSection(ExtensibilityGlobals) = postSolution
		SolutionGuid = {B2D75B87-48CD-4933-A048-B9D0BA985EEB}
	EndGlobalSection
EndGlobal
